// !$*UTF8*$!
{
	archiveVersion = 1;
	classes = {
	};
	objectVersion = 50;
	objects = {

/* Begin PBXBuildFile section */
		EA80DFA026407FE40088EEEE /* Learning_GHApp.swift in Sources */ = {isa = PBXBuildFile; fileRef = EA80DF9F26407FE40088EEEE /* Learning_GHApp.swift */; };
		EA80DFA226407FE40088EEEE /* ContentView.swift in Sources */ = {isa = PBXBuildFile; fileRef = EA80DFA126407FE40088EEEE /* ContentView.swift */; };
		EA80DFA426407FE60088EEEE /* Assets.xcassets in Resources */ = {isa = PBXBuildFile; fileRef = EA80DFA326407FE60088EEEE /* Assets.xcassets */; };
		EA80DFA726407FE60088EEEE /* Preview Assets.xcassets in Resources */ = {isa = PBXBuildFile; fileRef = EA80DFA626407FE60088EEEE /* Preview Assets.xcassets */; };
		EA80DFB226407FE70088EEEE /* Learning_GHTests.swift in Sources */ = {isa = PBXBuildFile; fileRef = EA80DFB126407FE70088EEEE /* Learning_GHTests.swift */; };
		EA80DFBD26407FE70088EEEE /* Learning_GHUITests.swift in Sources */ = {isa = PBXBuildFile; fileRef = EA80DFBC26407FE70088EEEE /* Learning_GHUITests.swift */; };
/* End PBXBuildFile section */

/* Begin PBXContainerItemProxy section */
		EA80DFAE26407FE70088EEEE /* PBXContainerItemProxy */ = {
			isa = PBXContainerItemProxy;
			containerPortal = EA80DF9426407FE40088EEEE /* Project object */;
			proxyType = 1;
			remoteGlobalIDString = EA80DF9B26407FE40088EEEE;
			remoteInfo = "Learning GH";
		};
		EA80DFB926407FE70088EEEE /* PBXContainerItemProxy */ = {
			isa = PBXContainerItemProxy;
			containerPortal = EA80DF9426407FE40088EEEE /* Project object */;
			proxyType = 1;
			remoteGlobalIDString = EA80DF9B26407FE40088EEEE;
			remoteInfo = "Learning GH";
		};
/* End PBXContainerItemProxy section */

/* Begin PBXFileReference section */
		EA80DF9C26407FE40088EEEE /* Learning GH.app */ = {isa = PBXFileReference; explicitFileType = wrapper.application; includeInIndex = 0; path = "Learning GH.app"; sourceTree = BUILT_PRODUCTS_DIR; };
		EA80DF9F26407FE40088EEEE /* Learning_GHApp.swift */ = {isa = PBXFileReference; lastKnownFileType = sourcecode.swift; path = Learning_GHApp.swift; sourceTree = "<group>"; };
		EA80DFA126407FE40088EEEE /* ContentView.swift */ = {isa = PBXFileReference; lastKnownFileType = sourcecode.swift; path = ContentView.swift; sourceTree = "<group>"; };
		EA80DFA326407FE60088EEEE /* Assets.xcassets */ = {isa = PBXFileReference; lastKnownFileType = folder.assetcatalog; path = Assets.xcassets; sourceTree = "<group>"; };
		EA80DFA626407FE60088EEEE /* Preview Assets.xcassets */ = {isa = PBXFileReference; lastKnownFileType = folder.assetcatalog; path = "Preview Assets.xcassets"; sourceTree = "<group>"; };
		EA80DFA826407FE60088EEEE /* Info.plist */ = {isa = PBXFileReference; lastKnownFileType = text.plist.xml; path = Info.plist; sourceTree = "<group>"; };
		EA80DFAD26407FE70088EEEE /* Learning GHTests.xctest */ = {isa = PBXFileReference; explicitFileType = wrapper.cfbundle; includeInIndex = 0; path = "Learning GHTests.xctest"; sourceTree = BUILT_PRODUCTS_DIR; };
		EA80DFB126407FE70088EEEE /* Learning_GHTests.swift */ = {isa = PBXFileReference; lastKnownFileType = sourcecode.swift; path = Learning_GHTests.swift; sourceTree = "<group>"; };
		EA80DFB326407FE70088EEEE /* Info.plist */ = {isa = PBXFileReference; lastKnownFileType = text.plist.xml; path = Info.plist; sourceTree = "<group>"; };
		EA80DFB826407FE70088EEEE /* Learning GHUITests.xctest */ = {isa = PBXFileReference; explicitFileType = wrapper.cfbundle; includeInIndex = 0; path = "Learning GHUITests.xctest"; sourceTree = BUILT_PRODUCTS_DIR; };
		EA80DFBC26407FE70088EEEE /* Learning_GHUITests.swift */ = {isa = PBXFileReference; lastKnownFileType = sourcecode.swift; path = Learning_GHUITests.swift; sourceTree = "<group>"; };
		EA80DFBE26407FE70088EEEE /* Info.plist */ = {isa = PBXFileReference; lastKnownFileType = text.plist.xml; path = Info.plist; sourceTree = "<group>"; };
/* End PBXFileReference section */

/* Begin PBXFrameworksBuildPhase section */
		EA80DF9926407FE40088EEEE /* Frameworks */ = {
			isa = PBXFrameworksBuildPhase;
			buildActionMask = 2147483647;
			files = (
			);
			runOnlyForDeploymentPostprocessing = 0;
		};
		EA80DFAA26407FE70088EEEE /* Frameworks */ = {
			isa = PBXFrameworksBuildPhase;
			buildActionMask = 2147483647;
			files = (
			);
			runOnlyForDeploymentPostprocessing = 0;
		};
		EA80DFB526407FE70088EEEE /* Frameworks */ = {
			isa = PBXFrameworksBuildPhase;
			buildActionMask = 2147483647;
			files = (
			);
			runOnlyForDeploymentPostprocessing = 0;
		};
/* End PBXFrameworksBuildPhase section */

/* Begin PBXGroup section */
		EA80DF9326407FE40088EEEE = {
			isa = PBXGroup;
			children = (
				EA80DF9E26407FE40088EEEE /* Learning GH */,
				EA80DFB026407FE70088EEEE /* Learning GHTests */,
				EA80DFBB26407FE70088EEEE /* Learning GHUITests */,
				EA80DF9D26407FE40088EEEE /* Products */,
			);
			sourceTree = "<group>";
		};
		EA80DF9D26407FE40088EEEE /* Products */ = {
			isa = PBXGroup;
			children = (
				EA80DF9C26407FE40088EEEE /* Learning GH.app */,
				EA80DFAD26407FE70088EEEE /* Learning GHTests.xctest */,
				EA80DFB826407FE70088EEEE /* Learning GHUITests.xctest */,
			);
			name = Products;
			sourceTree = "<group>";
		};
		EA80DF9E26407FE40088EEEE /* Learning GH */ = {
			isa = PBXGroup;
			children = (
				EA80DF9F26407FE40088EEEE /* Learning_GHApp.swift */,
				EA80DFA126407FE40088EEEE /* ContentView.swift */,
				EA80DFA326407FE60088EEEE /* Assets.xcassets */,
				EA80DFA826407FE60088EEEE /* Info.plist */,
				EA80DFA526407FE60088EEEE /* Preview Content */,
			);
			path = "Learning GH";
			sourceTree = "<group>";
		};
		EA80DFA526407FE60088EEEE /* Preview Content */ = {
			isa = PBXGroup;
			children = (
				EA80DFA626407FE60088EEEE /* Preview Assets.xcassets */,
			);
			path = "Preview Content";
			sourceTree = "<group>";
		};
		EA80DFB026407FE70088EEEE /* Learning GHTests */ = {
			isa = PBXGroup;
			children = (
				EA80DFB126407FE70088EEEE /* Learning_GHTests.swift */,
				EA80DFB326407FE70088EEEE /* Info.plist */,
			);
			path = "Learning GHTests";
			sourceTree = "<group>";
		};
		EA80DFBB26407FE70088EEEE /* Learning GHUITests */ = {
			isa = PBXGroup;
			children = (
				EA80DFBC26407FE70088EEEE /* Learning_GHUITests.swift */,
				EA80DFBE26407FE70088EEEE /* Info.plist */,
			);
			path = "Learning GHUITests";
			sourceTree = "<group>";
		};
/* End PBXGroup section */

/* Begin PBXNativeTarget section */
		EA80DF9B26407FE40088EEEE /* Learning GH */ = {
			isa = PBXNativeTarget;
			buildConfigurationList = EA80DFC126407FE70088EEEE /* Build configuration list for PBXNativeTarget "Learning GH" */;
			buildPhases = (
				EA80DF9826407FE40088EEEE /* Sources */,
				EA80DF9926407FE40088EEEE /* Frameworks */,
				EA80DF9A26407FE40088EEEE /* Resources */,
			);
			buildRules = (
			);
			dependencies = (
			);
			name = "Learning GH";
			productName = "Learning GH";
			productReference = EA80DF9C26407FE40088EEEE /* Learning GH.app */;
			productType = "com.apple.product-type.application";
		};
		EA80DFAC26407FE70088EEEE /* Learning GHTests */ = {
			isa = PBXNativeTarget;
			buildConfigurationList = EA80DFC426407FE70088EEEE /* Build configuration list for PBXNativeTarget "Learning GHTests" */;
			buildPhases = (
				EA80DFA926407FE70088EEEE /* Sources */,
				EA80DFAA26407FE70088EEEE /* Frameworks */,
				EA80DFAB26407FE70088EEEE /* Resources */,
			);
			buildRules = (
			);
			dependencies = (
				EA80DFAF26407FE70088EEEE /* PBXTargetDependency */,
			);
			name = "Learning GHTests";
			productName = "Learning GHTests";
			productReference = EA80DFAD26407FE70088EEEE /* Learning GHTests.xctest */;
			productType = "com.apple.product-type.bundle.unit-test";
		};
		EA80DFB726407FE70088EEEE /* Learning GHUITests */ = {
			isa = PBXNativeTarget;
			buildConfigurationList = EA80DFC726407FE70088EEEE /* Build configuration list for PBXNativeTarget "Learning GHUITests" */;
			buildPhases = (
				EA80DFB426407FE70088EEEE /* Sources */,
				EA80DFB526407FE70088EEEE /* Frameworks */,
				EA80DFB626407FE70088EEEE /* Resources */,
			);
			buildRules = (
			);
			dependencies = (
				EA80DFBA26407FE70088EEEE /* PBXTargetDependency */,
			);
			name = "Learning GHUITests";
			productName = "Learning GHUITests";
			productReference = EA80DFB826407FE70088EEEE /* Learning GHUITests.xctest */;
			productType = "com.apple.product-type.bundle.ui-testing";
		};
/* End PBXNativeTarget section */

/* Begin PBXProject section */
		EA80DF9426407FE40088EEEE /* Project object */ = {
			isa = PBXProject;
			attributes = {
				LastSwiftUpdateCheck = 1230;
				LastUpgradeCheck = 1230;
				TargetAttributes = {
					EA80DF9B26407FE40088EEEE = {
						CreatedOnToolsVersion = 12.3;
					};
					EA80DFAC26407FE70088EEEE = {
						CreatedOnToolsVersion = 12.3;
						TestTargetID = EA80DF9B26407FE40088EEEE;
					};
					EA80DFB726407FE70088EEEE = {
						CreatedOnToolsVersion = 12.3;
						TestTargetID = EA80DF9B26407FE40088EEEE;
					};
				};
			};
			buildConfigurationList = EA80DF9726407FE40088EEEE /* Build configuration list for PBXProject "Learning GH" */;
			compatibilityVersion = "Xcode 9.3";
			developmentRegion = en;
			hasScannedForEncodings = 0;
			knownRegions = (
				en,
				Base,
			);
			mainGroup = EA80DF9326407FE40088EEEE;
			productRefGroup = EA80DF9D26407FE40088EEEE /* Products */;
			projectDirPath = "";
			projectRoot = "";
			targets = (
				EA80DF9B26407FE40088EEEE /* Learning GH */,
				EA80DFAC26407FE70088EEEE /* Learning GHTests */,
				EA80DFB726407FE70088EEEE /* Learning GHUITests */,
			);
		};
/* End PBXProject section */

/* Begin PBXResourcesBuildPhase section */
		EA80DF9A26407FE40088EEEE /* Resources */ = {
			isa = PBXResourcesBuildPhase;
			buildActionMask = 2147483647;
			files = (
				EA80DFA726407FE60088EEEE /* Preview Assets.xcassets in Resources */,
				EA80DFA426407FE60088EEEE /* Assets.xcassets in Resources */,
			);
			runOnlyForDeploymentPostprocessing = 0;
		};
		EA80DFAB26407FE70088EEEE /* Resources */ = {
			isa = PBXResourcesBuildPhase;
			buildActionMask = 2147483647;
			files = (
			);
			runOnlyForDeploymentPostprocessing = 0;
		};
		EA80DFB626407FE70088EEEE /* Resources */ = {
			isa = PBXResourcesBuildPhase;
			buildActionMask = 2147483647;
			files = (
			);
			runOnlyForDeploymentPostprocessing = 0;
		};
/* End PBXResourcesBuildPhase section */

/* Begin PBXSourcesBuildPhase section */
		EA80DF9826407FE40088EEEE /* Sources */ = {
			isa = PBXSourcesBuildPhase;
			buildActionMask = 2147483647;
			files = (
				EA80DFA226407FE40088EEEE /* ContentView.swift in Sources */,
				EA80DFA026407FE40088EEEE /* Learning_GHApp.swift in Sources */,
			);
			runOnlyForDeploymentPostprocessing = 0;
		};
		EA80DFA926407FE70088EEEE /* Sources */ = {
			isa = PBXSourcesBuildPhase;
			buildActionMask = 2147483647;
			files = (
				EA80DFB226407FE70088EEEE /* Learning_GHTests.swift in Sources */,
			);
			runOnlyForDeploymentPostprocessing = 0;
		};
		EA80DFB426407FE70088EEEE /* Sources */ = {
			isa = PBXSourcesBuildPhase;
			buildActionMask = 2147483647;
			files = (
				EA80DFBD26407FE70088EEEE /* Learning_GHUITests.swift in Sources */,
			);
			runOnlyForDeploymentPostprocessing = 0;
		};
/* End PBXSourcesBuildPhase section */

/* Begin PBXTargetDependency section */
		EA80DFAF26407FE70088EEEE /* PBXTargetDependency */ = {
			isa = PBXTargetDependency;
			target = EA80DF9B26407FE40088EEEE /* Learning GH */;
			targetProxy = EA80DFAE26407FE70088EEEE /* PBXContainerItemProxy */;
		};
		EA80DFBA26407FE70088EEEE /* PBXTargetDependency */ = {
			isa = PBXTargetDependency;
			target = EA80DF9B26407FE40088EEEE /* Learning GH */;
			targetProxy = EA80DFB926407FE70088EEEE /* PBXContainerItemProxy */;
		};
/* End PBXTargetDependency section */

/* Begin XCBuildConfiguration section */
		EA80DFBF26407FE70088EEEE /* Debug */ = {
			isa = XCBuildConfiguration;
			buildSettings = {
				ALWAYS_SEARCH_USER_PATHS = NO;
				CLANG_ANALYZER_NONNULL = YES;
				CLANG_ANALYZER_NUMBER_OBJECT_CONVERSION = YES_AGGRESSIVE;
				CLANG_CXX_LANGUAGE_STANDARD = "gnu++14";
				CLANG_CXX_LIBRARY = "libc++";
				CLANG_ENABLE_MODULES = YES;
				CLANG_ENABLE_OBJC_ARC = YES;
				CLANG_ENABLE_OBJC_WEAK = YES;
				CLANG_WARN_BLOCK_CAPTURE_AUTORELEASING = YES;
				CLANG_WARN_BOOL_CONVERSION = YES;
				CLANG_WARN_COMMA = YES;
				CLANG_WARN_CONSTANT_CONVERSION = YES;
				CLANG_WARN_DEPRECATED_OBJC_IMPLEMENTATIONS = YES;
				CLANG_WARN_DIRECT_OBJC_ISA_USAGE = YES_ERROR;
				CLANG_WARN_DOCUMENTATION_COMMENTS = YES;
				CLANG_WARN_EMPTY_BODY = YES;
				CLANG_WARN_ENUM_CONVERSION = YES;
				CLANG_WARN_INFINITE_RECURSION = YES;
				CLANG_WARN_INT_CONVERSION = YES;
				CLANG_WARN_NON_LITERAL_NULL_CONVERSION = YES;
				CLANG_WARN_OBJC_IMPLICIT_RETAIN_SELF = YES;
				CLANG_WARN_OBJC_LITERAL_CONVERSION = YES;
				CLANG_WARN_OBJC_ROOT_CLASS = YES_ERROR;
				CLANG_WARN_QUOTED_INCLUDE_IN_FRAMEWORK_HEADER = YES;
				CLANG_WARN_RANGE_LOOP_ANALYSIS = YES;
				CLANG_WARN_STRICT_PROTOTYPES = YES;
				CLANG_WARN_SUSPICIOUS_MOVE = YES;
				CLANG_WARN_UNGUARDED_AVAILABILITY = YES_AGGRESSIVE;
				CLANG_WARN_UNREACHABLE_CODE = YES;
				CLANG_WARN__DUPLICATE_METHOD_MATCH = YES;
				COPY_PHASE_STRIP = NO;
				DEBUG_INFORMATION_FORMAT = dwarf;
				ENABLE_STRICT_OBJC_MSGSEND = YES;
				ENABLE_TESTABILITY = YES;
				GCC_C_LANGUAGE_STANDARD = gnu11;
				GCC_DYNAMIC_NO_PIC = NO;
				GCC_NO_COMMON_BLOCKS = YES;
				GCC_OPTIMIZATION_LEVEL = 0;
				GCC_PREPROCESSOR_DEFINITIONS = (
					"DEBUG=1",
					"$(inherited)",
				);
				GCC_WARN_64_TO_32_BIT_CONVERSION = YES;
				GCC_WARN_ABOUT_RETURN_TYPE = YES_ERROR;
				GCC_WARN_UNDECLARED_SELECTOR = YES;
				GCC_WARN_UNINITIALIZED_AUTOS = YES_AGGRESSIVE;
				GCC_WARN_UNUSED_FUNCTION = YES;
				GCC_WARN_UNUSED_VARIABLE = YES;
				IPHONEOS_DEPLOYMENT_TARGET = 14.3;
				MTL_ENABLE_DEBUG_INFO = INCLUDE_SOURCE;
				MTL_FAST_MATH = YES;
				ONLY_ACTIVE_ARCH = YES;
				SDKROOT = iphoneos;
				SWIFT_ACTIVE_COMPILATION_CONDITIONS = DEBUG;
				SWIFT_OPTIMIZATION_LEVEL = "-Onone";
			};
			name = Debug;
		};
		EA80DFC026407FE70088EEEE /* Release */ = {
			isa = XCBuildConfiguration;
			buildSettings = {
				ALWAYS_SEARCH_USER_PATHS = NO;
				CLANG_ANALYZER_NONNULL = YES;
				CLANG_ANALYZER_NUMBER_OBJECT_CONVERSION = YES_AGGRESSIVE;
				CLANG_CXX_LANGUAGE_STANDARD = "gnu++14";
				CLANG_CXX_LIBRARY = "libc++";
				CLANG_ENABLE_MODULES = YES;
				CLANG_ENABLE_OBJC_ARC = YES;
				CLANG_ENABLE_OBJC_WEAK = YES;
				CLANG_WARN_BLOCK_CAPTURE_AUTORELEASING = YES;
				CLANG_WARN_BOOL_CONVERSION = YES;
				CLANG_WARN_COMMA = YES;
				CLANG_WARN_CONSTANT_CONVERSION = YES;
				CLANG_WARN_DEPRECATED_OBJC_IMPLEMENTATIONS = YES;
				CLANG_WARN_DIRECT_OBJC_ISA_USAGE = YES_ERROR;
				CLANG_WARN_DOCUMENTATION_COMMENTS = YES;
				CLANG_WARN_EMPTY_BODY = YES;
				CLANG_WARN_ENUM_CONVERSION = YES;
				CLANG_WARN_INFINITE_RECURSION = YES;
				CLANG_WARN_INT_CONVERSION = YES;
				CLANG_WARN_NON_LITERAL_NULL_CONVERSION = YES;
				CLANG_WARN_OBJC_IMPLICIT_RETAIN_SELF = YES;
				CLANG_WARN_OBJC_LITERAL_CONVERSION = YES;
				CLANG_WARN_OBJC_ROOT_CLASS = YES_ERROR;
				CLANG_WARN_QUOTED_INCLUDE_IN_FRAMEWORK_HEADER = YES;
				CLANG_WARN_RANGE_LOOP_ANALYSIS = YES;
				CLANG_WARN_STRICT_PROTOTYPES = YES;
				CLANG_WARN_SUSPICIOUS_MOVE = YES;
				CLANG_WARN_UNGUARDED_AVAILABILITY = YES_AGGRESSIVE;
				CLANG_WARN_UNREACHABLE_CODE = YES;
				CLANG_WARN__DUPLICATE_METHOD_MATCH = YES;
				COPY_PHASE_STRIP = NO;
				DEBUG_INFORMATION_FORMAT = "dwarf-with-dsym";
				ENABLE_NS_ASSERTIONS = NO;
				ENABLE_STRICT_OBJC_MSGSEND = YES;
				GCC_C_LANGUAGE_STANDARD = gnu11;
				GCC_NO_COMMON_BLOCKS = YES;
				GCC_WARN_64_TO_32_BIT_CONVERSION = YES;
				GCC_WARN_ABOUT_RETURN_TYPE = YES_ERROR;
				GCC_WARN_UNDECLARED_SELECTOR = YES;
				GCC_WARN_UNINITIALIZED_AUTOS = YES_AGGRESSIVE;
				GCC_WARN_UNUSED_FUNCTION = YES;
				GCC_WARN_UNUSED_VARIABLE = YES;
				IPHONEOS_DEPLOYMENT_TARGET = 14.3;
				MTL_ENABLE_DEBUG_INFO = NO;
				MTL_FAST_MATH = YES;
				SDKROOT = iphoneos;
				SWIFT_COMPILATION_MODE = wholemodule;
				SWIFT_OPTIMIZATION_LEVEL = "-O";
				VALIDATE_PRODUCT = YES;
			};
			name = Release;
		};
		EA80DFC226407FE70088EEEE /* Debug */ = {
			isa = XCBuildConfiguration;
			buildSettings = {
				ASSETCATALOG_COMPILER_APPICON_NAME = AppIcon;
				ASSETCATALOG_COMPILER_GLOBAL_ACCENT_COLOR_NAME = AccentColor;
				CODE_SIGN_STYLE = Automatic;
				DEVELOPMENT_ASSET_PATHS = "\"Learning GH/Preview Content\"";
				ENABLE_PREVIEWS = YES;
				INFOPLIST_FILE = "Learning GH/Info.plist";
				IPHONEOS_DEPLOYMENT_TARGET = 14.0;
				LD_RUNPATH_SEARCH_PATHS = (
					"$(inherited)",
					"@executable_path/Frameworks",
				);
				PRODUCT_BUNDLE_IDENTIFIER = "com.jackmckenna.Learning-GH";
				PRODUCT_NAME = "$(TARGET_NAME)";
				SWIFT_VERSION = 5.0;
				TARGETED_DEVICE_FAMILY = "1,2";
			};
			name = Debug;
		};
		EA80DFC326407FE70088EEEE /* Release */ = {
			isa = XCBuildConfiguration;
			buildSettings = {
				ASSETCATALOG_COMPILER_APPICON_NAME = AppIcon;
				ASSETCATALOG_COMPILER_GLOBAL_ACCENT_COLOR_NAME = AccentColor;
				CODE_SIGN_STYLE = Automatic;
				DEVELOPMENT_ASSET_PATHS = "\"Learning GH/Preview Content\"";
				ENABLE_PREVIEWS = YES;
				INFOPLIST_FILE = "Learning GH/Info.plist";
				IPHONEOS_DEPLOYMENT_TARGET = 14.0;
				LD_RUNPATH_SEARCH_PATHS = (
					"$(inherited)",
					"@executable_path/Frameworks",
				);
				PRODUCT_BUNDLE_IDENTIFIER = "com.jackmckenna.Learning-GH";
				PRODUCT_NAME = "$(TARGET_NAME)";
				SWIFT_VERSION = 5.0;
				TARGETED_DEVICE_FAMILY = "1,2";
			};
			name = Release;
		};
		EA80DFC526407FE70088EEEE /* Debug */ = {
			isa = XCBuildConfiguration;
			buildSettings = {
				ALWAYS_EMBED_SWIFT_STANDARD_LIBRARIES = YES;
				BUNDLE_LOADER = "$(TEST_HOST)";
				CODE_SIGN_STYLE = Automatic;
				INFOPLIST_FILE = "Learning GHTests/Info.plist";
				IPHONEOS_DEPLOYMENT_TARGET = 14.0;
				LD_RUNPATH_SEARCH_PATHS = (
					"$(inherited)",
					"@executable_path/Frameworks",
					"@loader_path/Frameworks",
				);
				PRODUCT_BUNDLE_IDENTIFIER = "com.jackmckenna.Learning-GHTests";
				PRODUCT_NAME = "$(TARGET_NAME)";
				SWIFT_VERSION = 5.0;
				TARGETED_DEVICE_FAMILY = "1,2";
				TEST_HOST = "$(BUILT_PRODUCTS_DIR)/Learning GH.app/Learning GH";
			};
			name = Debug;
		};
		EA80DFC626407FE70088EEEE /* Release */ = {
			isa = XCBuildConfiguration;
			buildSettings = {
				ALWAYS_EMBED_SWIFT_STANDARD_LIBRARIES = YES;
				BUNDLE_LOADER = "$(TEST_HOST)";
				CODE_SIGN_STYLE = Automatic;
				INFOPLIST_FILE = "Learning GHTests/Info.plist";
				IPHONEOS_DEPLOYMENT_TARGET = 14.0;
				LD_RUNPATH_SEARCH_PATHS = (
					"$(inherited)",
					"@executable_path/Frameworks",
					"@loader_path/Frameworks",
				);
				PRODUCT_BUNDLE_IDENTIFIER = "com.jackmckenna.Learning-GHTests";
				PRODUCT_NAME = "$(TARGET_NAME)";
				SWIFT_VERSION = 5.0;
				TARGETED_DEVICE_FAMILY = "1,2";
				TEST_HOST = "$(BUILT_PRODUCTS_DIR)/Learning GH.app/Learning GH";
			};
			name = Release;
		};
		EA80DFC826407FE70088EEEE /* Debug */ = {
			isa = XCBuildConfiguration;
			buildSettings = {
				ALWAYS_EMBED_SWIFT_STANDARD_LIBRARIES = YES;
				CODE_SIGN_STYLE = Automatic;
				INFOPLIST_FILE = "Learning GHUITests/Info.plist";
				LD_RUNPATH_SEARCH_PATHS = (
					"$(inherited)",
					"@executable_path/Frameworks",
					"@loader_path/Frameworks",
				);
				PRODUCT_BUNDLE_IDENTIFIER = "com.jackmckenna.Learning-GHUITests";
				PRODUCT_NAME = "$(TARGET_NAME)";
				SWIFT_VERSION = 5.0;
				TARGETED_DEVICE_FAMILY = "1,2";
				TEST_TARGET_NAME = "Learning GH";
			};
			name = Debug;
		};
		EA80DFC926407FE70088EEEE /* Release */ = {
			isa = XCBuildConfiguration;
			buildSettings = {
				ALWAYS_EMBED_SWIFT_STANDARD_LIBRARIES = YES;
				CODE_SIGN_STYLE = Automatic;
				INFOPLIST_FILE = "Learning GHUITests/Info.plist";
				LD_RUNPATH_SEARCH_PATHS = (
					"$(inherited)",
					"@executable_path/Frameworks",
					"@loader_path/Frameworks",
				);
				PRODUCT_BUNDLE_IDENTIFIER = "com.jackmckenna.Learning-GHUITests";
				PRODUCT_NAME = "$(TARGET_NAME)";
				SWIFT_VERSION = 5.0;
				TARGETED_DEVICE_FAMILY = "1,2";
				TEST_TARGET_NAME = "Learning GH";
			};
			name = Release;
		};
/* End XCBuildConfiguration section */

/* Begin XCConfigurationList section */
		EA80DF9726407FE40088EEEE /* Build configuration list for PBXProject "Learning GH" */ = {
			isa = XCConfigurationList;
			buildConfigurations = (
				EA80DFBF26407FE70088EEEE /* Debug */,
				EA80DFC026407FE70088EEEE /* Release */,
			);
			defaultConfigurationIsVisible = 0;
			defaultConfigurationName = Release;
		};
		EA80DFC126407FE70088EEEE /* Build configuration list for PBXNativeTarget "Learning GH" */ = {
			isa = XCConfigurationList;
			buildConfigurations = (
				EA80DFC226407FE70088EEEE /* Debug */,
				EA80DFC326407FE70088EEEE /* Release */,
			);
			defaultConfigurationIsVisible = 0;
			defaultConfigurationName = Release;
		};
		EA80DFC426407FE70088EEEE /* Build configuration list for PBXNativeTarget "Learning GHTests" */ = {
			isa = XCConfigurationList;
			buildConfigurations = (
				EA80DFC526407FE70088EEEE /* Debug */,
				EA80DFC626407FE70088EEEE /* Release */,
			);
			defaultConfigurationIsVisible = 0;
			defaultConfigurationName = Release;
		};
		EA80DFC726407FE70088EEEE /* Build configuration list for PBXNativeTarget "Learning GHUITests" */ = {
			isa = XCConfigurationList;
			buildConfigurations = (
				EA80DFC826407FE70088EEEE /* Debug */,
				EA80DFC926407FE70088EEEE /* Release */,
			);
			defaultConfigurationIsVisible = 0;
			defaultConfigurationName = Release;
		};
/* End XCConfigurationList section */
	};
	rootObject = EA80DF9426407FE40088EEEE /* Project object */;
}
